
Microsoft Visual Studio Solution File, Format Version 12.00
# Visual Studio Version 17
VisualStudioVersion = 17.6.33723.286
MinimumVisualStudioVersion = 10.0.40219.1
Project("{9A19103F-16F7-4668-BE54-9A1E7A4F7556}") = "Pathwaze.Server", "Pathwaze\Server\Pathwaze.Server.csproj", "{7D3D684B-7A39-4EBE-BCE1-8EC87AEC51C2}"
EndProject
Project("{9A19103F-16F7-4668-BE54-9A1E7A4F7556}") = "Pathwaze.Client", "Pathwaze\Client\Pathwaze.Client.csproj", "{8B56B91D-85E6-4026-88C1-0E3C3AC6B878}"
EndProject
Project("{9A19103F-16F7-4668-BE54-9A1E7A4F7556}") = "Pathwaze.Shared", "Pathwaze\Shared\Pathwaze.Shared.csproj", "{A658312B-02C8-4CCC-B89A-ACEE4B6FE746}"
EndProject
Global
	GlobalSection(SolutionConfigurationPlatforms) = preSolution
		Debug|Any CPU = Debug|Any CPU
		Release|Any CPU = Release|Any CPU
	EndGlobalSection
	GlobalSection(ProjectConfigurationPlatforms) = postSolution
		{7D3D684B-7A39-4EBE-BCE1-8EC87AEC51C2}.Debug|Any CPU.ActiveCfg = Debug|Any CPU
		{7D3D684B-7A39-4EBE-BCE1-8EC87AEC51C2}.Debug|Any CPU.Build.0 = Debug|Any CPU
		{7D3D684B-7A39-4EBE-BCE1-8EC87AEC51C2}.Release|Any CPU.ActiveCfg = Release|Any CPU
		{7D3D684B-7A39-4EBE-BCE1-8EC87AEC51C2}.Release|Any CPU.Build.0 = Release|Any CPU
		{8B56B91D-85E6-4026-88C1-0E3C3AC6B878}.Debug|Any CPU.ActiveCfg = Debug|Any CPU
		{8B56B91D-85E6-4026-88C1-0E3C3AC6B878}.Debug|Any CPU.Build.0 = Debug|Any CPU
		{8B56B91D-85E6-4026-88C1-0E3C3AC6B878}.Release|Any CPU.ActiveCfg = Release|Any CPU
		{8B56B91D-85E6-4026-88C1-0E3C3AC6B878}.Release|Any CPU.Build.0 = Release|Any CPU
		{A658312B-02C8-4CCC-B89A-ACEE4B6FE746}.Debug|Any CPU.ActiveCfg = Debug|Any CPU
		{A658312B-02C8-4CCC-B89A-ACEE4B6FE746}.Debug|Any CPU.Build.0 = Debug|Any CPU
		{A658312B-02C8-4CCC-B89A-ACEE4B6FE746}.Release|Any CPU.ActiveCfg = Release|Any CPU
		{A658312B-02C8-4CCC-B89A-ACEE4B6FE746}.Release|Any CPU.Build.0 = Release|Any CPU
	EndGlobalSection
	GlobalSection(SolutionProperties) = preSolution
		HideSolutionNode = FALSE
	EndGlobalSection
	GlobalSection(ExtensibilityGlobals) = postSolution
		SolutionGuid = {8A009178-601A-42AF-81F3-18753AD0730E}
	EndGlobalSection
	GlobalSection(MonoDevelopProperties) = preSolution
		Policies = $0
		$0.DotNetNamingPolicy = $1
		$1.DirectoryNamespaceAssociation = PrefixedHierarchical
		$0.TextStylePolicy = $2
		$2.inheritsSet = null
		$2.scope = text/x-csharp
		$0.CSharpFormattingPolicy = $3
		$3.scope = text/x-csharp
		$0.TextStylePolicy = $4
		$4.FileWidth = 80
		$4.TabsToSpaces = True
		$4.scope = text/plain
	EndGlobalSection
EndGlobal
